<Solution>
  <Project Path="SpiceChecker.Application/SpiceChecker.Application.csproj" />
  <Project Path="SpiceChecker.Domain/SpiceChecker.Domain.csproj" />
  <Project Path="SpiceChecker.Infrastructure/SpiceChecker.Infrastructure.csproj" />
  <Project Path="SpiceChecker.WinForms/SpiceChecker.WinForms.csproj" />
</Solution>
